{
  "name": "part6",
  "lockfileVersion": 2,
  "requires": true,
  "packages": {
    "": {
      "devDependencies": {
        "deepfreeze": "^2.0.0"
      }
    },
    "node_modules/deepfreeze": {
      "version": "2.0.0",
      "resolved": "https://registry.npmjs.org/deepfreeze/-/deepfreeze-2.0.0.tgz",
      "integrity": "sha1-rF7XEGn9XpbcAeQA3R7f8TOlsPk=",
      "dev": true,
      "dependencies": {
        "x-is-object": "^0.1.0"
      }
    },
    "node_modules/x-is-object": {
      "version": "0.1.0",
      "resolved": "https://registry.npmjs.org/x-is-object/-/x-is-object-0.1.0.tgz",
      "integrity": "sha1-j5SW0Wht9IcVYJbnbKmUTvwVv+w=",
      "dev": true
    }
  },
  "dependencies": {
    "deepfreeze": {
      "version": "2.0.0",
      "resolved": "https://registry.npmjs.org/deepfreeze/-/deepfreeze-2.0.0.tgz",
      "integrity": "sha1-rF7XEGn9XpbcAeQA3R7f8TOlsPk=",
      "dev": true,
      "requires": {
        "x-is-object": "^0.1.0"
      }
    },
    "x-is-object": {
      "version": "0.1.0",
      "resolved": "https://registry.npmjs.org/x-is-object/-/x-is-object-0.1.0.tgz",
      "integrity": "sha1-j5SW0Wht9IcVYJbnbKmUTvwVv+w=",
      "dev": true
    }
  }
}
